PODS:
  - admob_flutter (1.0.0):
    - Flutter
    - Google-Mobile-Ads-SDK (~> 7.64)
  - audioplayers_darwin (0.0.1):
    - Flutter
  - Firebase/Auth (10.3.0):
    - Firebase/CoreOnly
    - FirebaseAuth (~> 10.3.0)
  - Firebase/CoreOnly (10.3.0):
    - FirebaseCore (= 10.3.0)
  - Firebase/Database (10.3.0):
    - Firebase/CoreOnly
    - FirebaseDatabase (~> 10.3.0)
  - Firebase/Messaging (10.3.0):
    - Firebase/CoreOnly
    - FirebaseMessaging (~> 10.3.0)
  - Firebase/Storage (10.3.0):
    - Firebase/CoreOnly
    - FirebaseStorage (~> 10.3.0)
  - firebase_auth (4.2.5):
    - Firebase/Auth (= 10.3.0)
    - firebase_core
    - Flutter
  - firebase_core (2.4.1):
    - Firebase/CoreOnly (= 10.3.0)
    - Flutter
  - firebase_database (10.0.9):
    - Firebase/Database (= 10.3.0)
    - firebase_core
    - Flutter
  - firebase_messaging (14.2.1):
    - Firebase/Messaging (= 10.3.0)
    - firebase_core
    - Flutter
  - firebase_storage (11.0.10):
    - Firebase/Storage (= 10.3.0)
    - firebase_core
    - Flutter
  - FirebaseAppCheckInterop (10.3.0)
  - FirebaseAuth (10.3.0):
    - FirebaseCore (~> 10.0)
    - GoogleUtilities/AppDelegateSwizzler (~> 7.8)
    - GoogleUtilities/Environment (~> 7.8)
    - GTMSessionFetcher/Core (< 4.0, >= 2.1)
  - FirebaseAuthInterop (10.3.0)
  - FirebaseCore (10.3.0):
    - FirebaseCoreInternal (~> 10.0)
    - GoogleUtilities/Environment (~> 7.8)
    - GoogleUtilities/Logger (~> 7.8)
  - FirebaseCoreExtension (10.3.0):
    - FirebaseCore (~> 10.0)
  - FirebaseCoreInternal (10.3.0):
    - "GoogleUtilities/NSData+zlib (~> 7.8)"
  - FirebaseDatabase (10.3.0):
    - FirebaseCore (~> 10.0)
    - leveldb-library (~> 1.22)
  - FirebaseInstallations (10.3.0):
    - FirebaseCore (~> 10.0)
    - GoogleUtilities/Environment (~> 7.8)
    - GoogleUtilities/UserDefaults (~> 7.8)
    - PromisesObjC (~> 2.1)
  - FirebaseMessaging (10.3.0):
    - FirebaseCore (~> 10.0)
    - FirebaseInstallations (~> 10.0)
    - GoogleDataTransport (~> 9.2)
    - GoogleUtilities/AppDelegateSwizzler (~> 7.8)
    - GoogleUtilities/Environment (~> 7.8)
    - GoogleUtilities/Reachability (~> 7.8)
    - GoogleUtilities/UserDefaults (~> 7.8)
    - nanopb (< 2.30910.0, >= 2.30908.0)
  - FirebaseStorage (10.3.0):
    - FirebaseAppCheckInterop (~> 10.0)
    - FirebaseAuthInterop (~> 10.0)
    - FirebaseCore (~> 10.0)
    - FirebaseCoreExtension (~> 10.0)
    - GTMSessionFetcher/Core (< 4.0, >= 2.1)
  - Flutter (1.0.0)
  - flutter_fgbg (0.0.1):
    - Flutter
  - flutter_local_notifications (0.0.1):
    - Flutter
  - flutter_logs (0.0.1):
    - Flutter
    - ZIPFoundation
  - flutter_vibrate (0.0.1):
    - Flutter
  - FMDB (2.7.5):
    - FMDB/standard (= 2.7.5)
  - FMDB/standard (2.7.5)
  - Google-Mobile-Ads-SDK (7.69.0):
    - GoogleAppMeasurement (~> 7.0)
    - GoogleUserMessagingPlatform (~> 1.1)
  - GoogleAppMeasurement (7.11.0):
    - GoogleAppMeasurement/AdIdSupport (= 7.11.0)
    - GoogleUtilities/AppDelegateSwizzler (~> 7.0)
    - GoogleUtilities/MethodSwizzler (~> 7.0)
    - GoogleUtilities/Network (~> 7.0)
    - "GoogleUtilities/NSData+zlib (~> 7.0)"
    - nanopb (~> 2.30908.0)
  - GoogleAppMeasurement/AdIdSupport (7.11.0):
    - GoogleUtilities/AppDelegateSwizzler (~> 7.0)
    - GoogleUtilities/MethodSwizzler (~> 7.0)
    - GoogleUtilities/Network (~> 7.0)
    - "GoogleUtilities/NSData+zlib (~> 7.0)"
    - nanopb (~> 2.30908.0)
  - GoogleDataTransport (9.2.0):
    - GoogleUtilities/Environment (~> 7.7)
    - nanopb (< 2.30910.0, >= 2.30908.0)
    - PromisesObjC (< 3.0, >= 1.2)
  - GoogleUserMessagingPlatform (1.4.0)
  - GoogleUtilities/AppDelegateSwizzler (7.10.0):
    - GoogleUtilities/Environment
    - GoogleUtilities/Logger
    - GoogleUtilities/Network
  - GoogleUtilities/Environment (7.10.0):
    - PromisesObjC (< 3.0, >= 1.2)
  - GoogleUtilities/Logger (7.10.0):
    - GoogleUtilities/Environment
  - GoogleUtilities/MethodSwizzler (7.10.0):
    - GoogleUtilities/Logger
  - GoogleUtilities/Network (7.10.0):
    - GoogleUtilities/Logger
    - "GoogleUtilities/NSData+zlib"
    - GoogleUtilities/Reachability
  - "GoogleUtilities/NSData+zlib (7.10.0)"
  - GoogleUtilities/Reachability (7.10.0):
    - GoogleUtilities/Logger
  - GoogleUtilities/UserDefaults (7.10.0):
    - GoogleUtilities/Logger
  - GTMSessionFetcher/Core (3.0.0)
  - image_picker (0.0.1):
    - Flutter
  - leveldb-library (1.22.1)
  - nanopb (2.30908.0):
    - nanopb/decode (= 2.30908.0)
    - nanopb/encode (= 2.30908.0)
  - nanopb/decode (2.30908.0)
  - nanopb/encode (2.30908.0)
  - native_device_orientation (0.0.1):
    - Flutter
  - path_provider_foundation (0.0.1):
    - Flutter
    - FlutterMacOS
  - permission_handler_apple (9.0.4):
    - Flutter
  - PromisesObjC (2.1.1)
  - shared_preferences_foundation (0.0.1):
    - Flutter
    - FlutterMacOS
  - sqflite (0.0.2):
    - Flutter
    - FMDB (>= 2.7.5)
  - wakelock (0.0.1):
    - Flutter
  - zego_express_engine (3.0.3):
    - Flutter
    - ZegoExpressEngine (= 3.0.3)
  - zego_zim (2.5.0):
    - Flutter
    - ZIM (= 2.5.0)
  - zego_zpns (2.2.0):
    - Flutter
    - ZPNs (= 2.0.1)
  - ZegoExpressEngine (3.0.3):
    - ZegoExpressEngine/Video (= 3.0.3)
  - ZegoExpressEngine/Video (3.0.3)
  - ZIM (2.5.0)
  - ZIPFoundation (0.9.11)
  - ZPNs (2.0.1)

DEPENDENCIES:
  - admob_flutter (from `.symlinks/plugins/admob_flutter/ios`)
  - audioplayers_darwin (from `.symlinks/plugins/audioplayers_darwin/ios`)
  - firebase_auth (from `.symlinks/plugins/firebase_auth/ios`)
  - firebase_core (from `.symlinks/plugins/firebase_core/ios`)
  - firebase_database (from `.symlinks/plugins/firebase_database/ios`)
  - firebase_messaging (from `.symlinks/plugins/firebase_messaging/ios`)
  - firebase_storage (from `.symlinks/plugins/firebase_storage/ios`)
  - Flutter (from `Flutter`)
  - flutter_fgbg (from `.symlinks/plugins/flutter_fgbg/ios`)
  - flutter_local_notifications (from `.symlinks/plugins/flutter_local_notifications/ios`)
  - flutter_logs (from `.symlinks/plugins/flutter_logs/ios`)
  - flutter_vibrate (from `.symlinks/plugins/flutter_vibrate/ios`)
  - image_picker (from `.symlinks/plugins/image_picker/ios`)
  - native_device_orientation (from `.symlinks/plugins/native_device_orientation/ios`)
  - path_provider_foundation (from `.symlinks/plugins/path_provider_foundation/ios`)
  - permission_handler_apple (from `.symlinks/plugins/permission_handler_apple/ios`)
  - shared_preferences_foundation (from `.symlinks/plugins/shared_preferences_foundation/ios`)
  - sqflite (from `.symlinks/plugins/sqflite/ios`)
  - wakelock (from `.symlinks/plugins/wakelock/ios`)
  - zego_express_engine (from `.symlinks/plugins/zego_express_engine/ios`)
  - zego_zim (from `.symlinks/plugins/zego_zim/ios`)
  - zego_zpns (from `.symlinks/plugins/zego_zpns/ios`)

SPEC REPOS:
  trunk:
    - Firebase
    - FirebaseAppCheckInterop
    - FirebaseAuth
    - FirebaseAuthInterop
    - FirebaseCore
    - FirebaseCoreExtension
    - FirebaseCoreInternal
    - FirebaseDatabase
    - FirebaseInstallations
    - FirebaseMessaging
    - FirebaseStorage
    - FMDB
    - Google-Mobile-Ads-SDK
    - GoogleAppMeasurement
    - GoogleDataTransport
    - GoogleUserMessagingPlatform
    - GoogleUtilities
    - GTMSessionFetcher
    - leveldb-library
    - nanopb
    - PromisesObjC
    - ZegoExpressEngine
    - ZIM
    - ZIPFoundation
    - ZPNs

EXTERNAL SOURCES:
  admob_flutter:
    :path: ".symlinks/plugins/admob_flutter/ios"
  audioplayers_darwin:
    :path: ".symlinks/plugins/audioplayers_darwin/ios"
  firebase_auth:
    :path: ".symlinks/plugins/firebase_auth/ios"
  firebase_core:
    :path: ".symlinks/plugins/firebase_core/ios"
  firebase_database:
    :path: ".symlinks/plugins/firebase_database/ios"
  firebase_messaging:
    :path: ".symlinks/plugins/firebase_messaging/ios"
  firebase_storage:
    :path: ".symlinks/plugins/firebase_storage/ios"
  Flutter:
    :path: Flutter
  flutter_fgbg:
    :path: ".symlinks/plugins/flutter_fgbg/ios"
  flutter_local_notifications:
    :path: ".symlinks/plugins/flutter_local_notifications/ios"
  flutter_logs:
    :path: ".symlinks/plugins/flutter_logs/ios"
  flutter_vibrate:
    :path: ".symlinks/plugins/flutter_vibrate/ios"
  image_picker:
    :path: ".symlinks/plugins/image_picker/ios"
  native_device_orientation:
    :path: ".symlinks/plugins/native_device_orientation/ios"
  path_provider_foundation:
    :path: ".symlinks/plugins/path_provider_foundation/ios"
  permission_handler_apple:
    :path: ".symlinks/plugins/permission_handler_apple/ios"
  shared_preferences_foundation:
    :path: ".symlinks/plugins/shared_preferences_foundation/ios"
  sqflite:
    :path: ".symlinks/plugins/sqflite/ios"
  wakelock:
    :path: ".symlinks/plugins/wakelock/ios"
  zego_express_engine:
    :path: ".symlinks/plugins/zego_express_engine/ios"
  zego_zim:
    :path: ".symlinks/plugins/zego_zim/ios"
  zego_zpns:
    :path: ".symlinks/plugins/zego_zpns/ios"

SPEC CHECKSUMS:
  admob_flutter: 370023e0bc3f49a44ba94f14009e0728bffe43e8
  audioplayers_darwin: 877d9a4d06331c5c374595e46e16453ac7eafa40
  Firebase: f92fc551ead69c94168d36c2b26188263860acd9
  firebase_auth: 3bab991fe1df91c2f948156e9dee976e01a19ab9
  firebase_core: bf59c32d2e53814f558efa20840c1902fa2fe461
  firebase_database: 64eb24851aa709a26fb33fccd1b422658e307c76
  firebase_messaging: ee597229fc260f8fa491fa8f2d4a32dfbfa406fa
  firebase_storage: 8b85bf19de50a1886f9387924fbddf066a718965
  FirebaseAppCheckInterop: 9fc57dfa08f0abb737b185ea065422b55355c909
  FirebaseAuth: 0e415d29d846c1dce2fb641e46f35e9888d9bec6
  FirebaseAuthInterop: 7a766bd56971347e0de4b7674aaa62ddc7820097
  FirebaseCore: 988754646ab3bd4bdcb740f1bfe26b9f6c0d5f2a
  FirebaseCoreExtension: 93d252fabdc9696bf14a73b04d84877ab9b3a832
  FirebaseCoreInternal: 29b76f784d607df8b2a1259d73c3f04f1210137b
  FirebaseDatabase: d0732ba8aece0eccfa0cfb3ef540e7ba6fa1c6a6
  FirebaseInstallations: e2f26126089dcf41e215f7b8925af8d953c7d602
  FirebaseMessaging: e345b219fd15d325f0cf2fef28cb8ce00d851b3f
  FirebaseStorage: 0efbff0ac978981866d89804191688ae50d64033
  Flutter: f04841e97a9d0b0a8025694d0796dd46242b2854
  flutter_fgbg: 31c0d1140a131daea2d342121808f6aa0dcd879d
  flutter_local_notifications: 0c0b1ae97e741e1521e4c1629a459d04b9aec743
  flutter_logs: 5d0dca26963e0f30b11a995a764744ef77d5d428
  flutter_vibrate: 9f4c2ab57008965f78969472367c329dd77eb801
  FMDB: 2ce00b547f966261cd18927a3ddb07cb6f3db82a
  Google-Mobile-Ads-SDK: 2f288748a42920d1c744946a460896a95b0e9110
  GoogleAppMeasurement: fd19169c3034975cb934e865e5667bfdce59df7f
  GoogleDataTransport: 1c8145da7117bd68bbbed00cf304edb6a24de00f
  GoogleUserMessagingPlatform: b168e8c46cd8f92aa3e34b584c4ca78a411ce367
  GoogleUtilities: bad72cb363809015b1f7f19beb1f1cd23c589f95
  GTMSessionFetcher: c1edebe64e9fb4e8f6415d018edf1fd3eac074a1
  image_picker: 50e7c7ff960e5f58faa4d1f4af84a771c671bc4a
  leveldb-library: 50c7b45cbd7bf543c81a468fe557a16ae3db8729
  nanopb: a0ba3315591a9ae0a16a309ee504766e90db0c96
  native_device_orientation: 3b4cfc9565a7b879cc4fde282b3e27745e852d0d
  path_provider_foundation: 37748e03f12783f9de2cb2c4eadfaa25fe6d4852
  permission_handler_apple: 44366e37eaf29454a1e7b1b7d736c2cceaeb17ce
  PromisesObjC: ab77feca74fa2823e7af4249b8326368e61014cb
  shared_preferences_foundation: 297b3ebca31b34ec92be11acd7fb0ba932c822ca
  sqflite: 6d358c025f5b867b29ed92fc697fd34924e11904
  wakelock: d0fc7c864128eac40eba1617cb5264d9c940b46f
  zego_express_engine: 06909db1949a8e61da81cfdc5b4ddcb8cfb9da04
  zego_zim: e799b5ddbd7ea0785686ae43677e94a74cb6db8c
  zego_zpns: e0fc96e07ad5bb4bbe2f24ed7b17eae999f74690
  ZegoExpressEngine: 69a011ea12cbe6e7006cab05058ab1489d176d68
  ZIM: 98ff6cc7bc28b0c54476ab317dfe1e62f6e90738
  ZIPFoundation: b1f0de4eed33e74a676f76e12559ab6b75990197
  ZPNs: 76102346942e8337b4189ce64083a96d79cab2a9

PODFILE CHECKSUM: 21b64fbb12492d731c9be90cbe0f2d328bef4b49

COCOAPODS: 1.11.2
